
Microsoft Visual Studio Solution File, Format Version 12.00
# Visual Studio 15
VisualStudioVersion = 15.0.27004.2008
MinimumVisualStudioVersion = 10.0.40219.1
Project("{9A19103F-16F7-4668-BE54-9A1E7A4F7556}") = "FuturifyVacation", "FuturifyVacation\FuturifyVacation.csproj", "{00C75FF7-62CD-4436-BA5E-2A3ED3B684A9}"
EndProject
Global
	GlobalSection(SolutionConfigurationPlatforms) = preSolution
		Debug|Any CPU = Debug|Any CPU
		Release|Any CPU = Release|Any CPU
	EndGlobalSection
	GlobalSection(ProjectConfigurationPlatforms) = postSolution
		{00C75FF7-62CD-4436-BA5E-2A3ED3B684A9}.Debug|Any CPU.ActiveCfg = Debug|Any CPU
		{00C75FF7-62CD-4436-BA5E-2A3ED3B684A9}.Debug|Any CPU.Build.0 = Debug|Any CPU
		{00C75FF7-62CD-4436-BA5E-2A3ED3B684A9}.Release|Any CPU.ActiveCfg = Release|Any CPU
		{00C75FF7-62CD-4436-BA5E-2A3ED3B684A9}.Release|Any CPU.Build.0 = Release|Any CPU
	EndGlobalSection
	GlobalSection(SolutionProperties) = preSolution
		HideSolutionNode = FALSE
	EndGlobalSection
	GlobalSection(ExtensibilityGlobals) = postSolution
		SolutionGuid = {28D724F2-6957-4ADC-BA80-96508A4FD808}
	EndGlobalSection
EndGlobal
